PODS:
  - Mapbox-iOS-SDK (3.6.1)
  - Mockingjay (2.0.0):
    - Mockingjay/Core (= 2.0.0)
    - Mockingjay/XCTest (= 2.0.0)
  - Mockingjay/Core (2.0.0):
    - URITemplate (~> 2.0)
  - Mockingjay/XCTest (2.0.0):
    - Mockingjay/Core
  - Realm (2.9.1):
    - Realm/Headers (= 2.9.1)
  - Realm/Headers (2.9.1)
  - RealmSwift (2.9.1):
    - Realm (= 2.9.1)
  - URITemplate (2.0.1)

DEPENDENCIES:
  - Mapbox-iOS-SDK
  - Mockingjay
  - RealmSwift

SPEC CHECKSUMS:
  Mapbox-iOS-SDK: 7dd2a0fd08e9444b9c47f6e8fd1c32509bce3243
  Mockingjay: 7122a3fc0597aa63438e4cd9b71b7bc8aac05b87
  Realm: f91fb43bd474c4f731a116ebf7392c75dd015920
  RealmSwift: 207f12a4a36b696c5183c60a1c06d70234a23e56
  URITemplate: 720b8a56a281494d7c2d31ee33183986eaed2c67

PODFILE CHECKSUM: 3dffa800a0e374c770126a0611b57fe1363f8633

COCOAPODS: 1.3.0
